{
  "name": "slimming-miniprogram",
  "version": "0.1.0",
  "lockfileVersion": 3,
  "requires": true,
  "packages": {
    "": {
      "name": "slimming-miniprogram",
      "version": "0.1.0",
      "dependencies": {
        "@lspriv/wx-calendar": "1.8.4"
      },
      "devDependencies": {
        "miniprogram-api-typings": "^4.0.0"
      }
    },
    "node_modules/@lspriv/wx-calendar": {
      "version": "1.8.4",
      "resolved": "https://registry.npmjs.org/@lspriv/wx-calendar/-/wx-calendar-1.8.4.tgz",
      "integrity": "sha512-TWDLGCpLfCrRtUiJJouU0ridF+coGgARbBvvdMjSryjVWW05vYmOHEj575I+xc6lk2yTDZ7ncbUSOUC8OijgOg==",
      "license": "MIT",
      "engines": {
        "node": ">=16.13.0"
      }
    },
    "node_modules/miniprogram-api-typings": {
      "version": "4.1.3",
      "resolved": "https://registry.npmjs.org/miniprogram-api-typings/-/miniprogram-api-typings-4.1.3.tgz",
      "integrity": "sha512-5mobiXzDS3KFJMM20cIg5m7hiFSJY0YGpgm5yzFeIJ+UP15RGOtW/ztqAhRfOQIvPBD0WyYB+WFCWaeeTTEZTQ==",
      "dev": true,
      "license": "MIT"
    }
  }
}
